// !$*UTF8*$!
{
	archiveVersion = 1;
	classes = {
	};
	objectVersion = 56;
	objects = {

/* Begin PBXBuildFile section */
		A378003C2B7FAEE200E9F804 /* AppDelegate.swift in Sources */ = {isa = PBXBuildFile; fileRef = A378003B2B7FAEE200E9F804 /* AppDelegate.swift */; };
		A378003E2B7FAEE200E9F804 /* SceneDelegate.swift in Sources */ = {isa = PBXBuildFile; fileRef = A378003D2B7FAEE200E9F804 /* SceneDelegate.swift */; };
		A37800402B7FAEE200E9F804 /* ViewController.swift in Sources */ = {isa = PBXBuildFile; fileRef = A378003F2B7FAEE200E9F804 /* ViewController.swift */; };
		A37800432B7FAEE200E9F804 /* Main.storyboard in Resources */ = {isa = PBXBuildFile; fileRef = A37800412B7FAEE200E9F804 /* Main.storyboard */; };
		A37800452B7FAEE700E9F804 /* Assets.xcassets in Resources */ = {isa = PBXBuildFile; fileRef = A37800442B7FAEE700E9F804 /* Assets.xcassets */; };
		A37800482B7FAEE700E9F804 /* LaunchScreen.storyboard in Resources */ = {isa = PBXBuildFile; fileRef = A37800462B7FAEE700E9F804 /* LaunchScreen.storyboard */; };
		A37800522B7FC2A600E9F804 /* ConversionLogic.swift in Sources */ = {isa = PBXBuildFile; fileRef = A37800512B7FC2A600E9F804 /* ConversionLogic.swift */; };
		A37800562B7FC9A300E9F804 /* ConversionViewController.swift in Sources */ = {isa = PBXBuildFile; fileRef = A37800552B7FC9A300E9F804 /* ConversionViewController.swift */; };
/* End PBXBuildFile section */

/* Begin PBXFileReference section */
		A37800382B7FAEE200E9F804 /* Assignment6Trejo.app */ = {isa = PBXFileReference; explicitFileType = wrapper.application; includeInIndex = 0; path = Assignment6Trejo.app; sourceTree = BUILT_PRODUCTS_DIR; };
		A378003B2B7FAEE200E9F804 /* AppDelegate.swift */ = {isa = PBXFileReference; lastKnownFileType = sourcecode.swift; path = AppDelegate.swift; sourceTree = "<group>"; };
		A378003D2B7FAEE200E9F804 /* SceneDelegate.swift */ = {isa = PBXFileReference; lastKnownFileType = sourcecode.swift; path = SceneDelegate.swift; sourceTree = "<group>"; };
		A378003F2B7FAEE200E9F804 /* ViewController.swift */ = {isa = PBXFileReference; lastKnownFileType = sourcecode.swift; path = ViewController.swift; sourceTree = "<group>"; };
		A37800422B7FAEE200E9F804 /* Base */ = {isa = PBXFileReference; lastKnownFileType = file.storyboard; name = Base; path = Base.lproj/Main.storyboard; sourceTree = "<group>"; };
		A37800442B7FAEE700E9F804 /* Assets.xcassets */ = {isa = PBXFileReference; lastKnownFileType = folder.assetcatalog; path = Assets.xcassets; sourceTree = "<group>"; };
		A37800472B7FAEE700E9F804 /* Base */ = {isa = PBXFileReference; lastKnownFileType = file.storyboard; name = Base; path = Base.lproj/LaunchScreen.storyboard; sourceTree = "<group>"; };
		A37800492B7FAEE700E9F804 /* Info.plist */ = {isa = PBXFileReference; lastKnownFileType = text.plist.xml; path = Info.plist; sourceTree = "<group>"; };
		A37800512B7FC2A600E9F804 /* ConversionLogic.swift */ = {isa = PBXFileReference; lastKnownFileType = sourcecode.swift; path = ConversionLogic.swift; sourceTree = "<group>"; };
		A37800552B7FC9A300E9F804 /* ConversionViewController.swift */ = {isa = PBXFileReference; lastKnownFileType = sourcecode.swift; path = ConversionViewController.swift; sourceTree = "<group>"; };
/* End PBXFileReference section */

/* Begin PBXFrameworksBuildPhase section */
		A37800352B7FAEE200E9F804 /* Frameworks */ = {
			isa = PBXFrameworksBuildPhase;
			buildActionMask = 2147483647;
			files = (
			);
			runOnlyForDeploymentPostprocessing = 0;
		};
/* End PBXFrameworksBuildPhase section */

/* Begin PBXGroup section */
		A378002F2B7FAEE200E9F804 = {
			isa = PBXGroup;
			children = (
				A378003A2B7FAEE200E9F804 /* Assignment6Trejo */,
				A37800392B7FAEE200E9F804 /* Products */,
			);
			sourceTree = "<group>";
		};
		A37800392B7FAEE200E9F804 /* Products */ = {
			isa = PBXGroup;
			children = (
				A37800382B7FAEE200E9F804 /* Assignment6Trejo.app */,
			);
			name = Products;
			sourceTree = "<group>";
		};
		A378003A2B7FAEE200E9F804 /* Assignment6Trejo */ = {
			isa = PBXGroup;
			children = (
				A378003B2B7FAEE200E9F804 /* AppDelegate.swift */,
				A378003D2B7FAEE200E9F804 /* SceneDelegate.swift */,
				A37800532B7FC2AC00E9F804 /* Model */,
				A37800542B7FC2C600E9F804 /* View */,
				A37800412B7FAEE200E9F804 /* Main.storyboard */,
				A37800442B7FAEE700E9F804 /* Assets.xcassets */,
				A37800462B7FAEE700E9F804 /* LaunchScreen.storyboard */,
				A37800492B7FAEE700E9F804 /* Info.plist */,
			);
			path = Assignment6Trejo;
			sourceTree = "<group>";
		};
		A37800532B7FC2AC00E9F804 /* Model */ = {
			isa = PBXGroup;
			children = (
				A37800512B7FC2A600E9F804 /* ConversionLogic.swift */,
			);
			path = Model;
			sourceTree = "<group>";
		};
		A37800542B7FC2C600E9F804 /* View */ = {
			isa = PBXGroup;
			children = (
				A378003F2B7FAEE200E9F804 /* ViewController.swift */,
				A37800552B7FC9A300E9F804 /* ConversionViewController.swift */,
			);
			path = View;
			sourceTree = "<group>";
		};
/* End PBXGroup section */

/* Begin PBXNativeTarget section */
		A37800372B7FAEE200E9F804 /* Assignment6Trejo */ = {
			isa = PBXNativeTarget;
			buildConfigurationList = A378004C2B7FAEE700E9F804 /* Build configuration list for PBXNativeTarget "Assignment6Trejo" */;
			buildPhases = (
				A37800342B7FAEE200E9F804 /* Sources */,
				A37800352B7FAEE200E9F804 /* Frameworks */,
				A37800362B7FAEE200E9F804 /* Resources */,
			);
			buildRules = (
			);
			dependencies = (
			);
			name = Assignment6Trejo;
			productName = Assignment6Trejo;
			productReference = A37800382B7FAEE200E9F804 /* Assignment6Trejo.app */;
			productType = "com.apple.product-type.application";
		};
/* End PBXNativeTarget section */

/* Begin PBXProject section */
		A37800302B7FAEE200E9F804 /* Project object */ = {
			isa = PBXProject;
			attributes = {
				BuildIndependentTargetsInParallel = 1;
				LastSwiftUpdateCheck = 1520;
				LastUpgradeCheck = 1520;
				TargetAttributes = {
					A37800372B7FAEE200E9F804 = {
						CreatedOnToolsVersion = 15.2;
					};
				};
			};
			buildConfigurationList = A37800332B7FAEE200E9F804 /* Build configuration list for PBXProject "Assignment6Trejo" */;
			compatibilityVersion = "Xcode 14.0";
			developmentRegion = en;
			hasScannedForEncodings = 0;
			knownRegions = (
				en,
				Base,
			);
			mainGroup = A378002F2B7FAEE200E9F804;
			productRefGroup = A37800392B7FAEE200E9F804 /* Products */;
			projectDirPath = "";
			projectRoot = "";
			targets = (
				A37800372B7FAEE200E9F804 /* Assignment6Trejo */,
			);
		};
/* End PBXProject section */

/* Begin PBXResourcesBuildPhase section */
		A37800362B7FAEE200E9F804 /* Resources */ = {
			isa = PBXResourcesBuildPhase;
			buildActionMask = 2147483647;
			files = (
				A37800482B7FAEE700E9F804 /* LaunchScreen.storyboard in Resources */,
				A37800452B7FAEE700E9F804 /* Assets.xcassets in Resources */,
				A37800432B7FAEE200E9F804 /* Main.storyboard in Resources */,
			);
			runOnlyForDeploymentPostprocessing = 0;
		};
/* End PBXResourcesBuildPhase section */

/* Begin PBXSourcesBuildPhase section */
		A37800342B7FAEE200E9F804 /* Sources */ = {
			isa = PBXSourcesBuildPhase;
			buildActionMask = 2147483647;
			files = (
				A37800522B7FC2A600E9F804 /* ConversionLogic.swift in Sources */,
				A37800562B7FC9A300E9F804 /* ConversionViewController.swift in Sources */,
				A37800402B7FAEE200E9F804 /* ViewController.swift in Sources */,
				A378003C2B7FAEE200E9F804 /* AppDelegate.swift in Sources */,
				A378003E2B7FAEE200E9F804 /* SceneDelegate.swift in Sources */,
			);
			runOnlyForDeploymentPostprocessing = 0;
		};
/* End PBXSourcesBuildPhase section */

/* Begin PBXVariantGroup section */
		A37800412B7FAEE200E9F804 /* Main.storyboard */ = {
			isa = PBXVariantGroup;
			children = (
				A37800422B7FAEE200E9F804 /* Base */,
			);
			name = Main.storyboard;
			sourceTree = "<group>";
		};
		A37800462B7FAEE700E9F804 /* LaunchScreen.storyboard */ = {
			isa = PBXVariantGroup;
			children = (
				A37800472B7FAEE700E9F804 /* Base */,
			);
			name = LaunchScreen.storyboard;
			sourceTree = "<group>";
		};
/* End PBXVariantGroup section */

/* Begin XCBuildConfiguration section */
		A378004A2B7FAEE700E9F804 /* Debug */ = {
			isa = XCBuildConfiguration;
			buildSettings = {
				ALWAYS_SEARCH_USER_PATHS = NO;
				ASSETCATALOG_COMPILER_GENERATE_SWIFT_ASSET_SYMBOL_EXTENSIONS = YES;
				CLANG_ANALYZER_NONNULL = YES;
				CLANG_ANALYZER_NUMBER_OBJECT_CONVERSION = YES_AGGRESSIVE;
				CLANG_CXX_LANGUAGE_STANDARD = "gnu++20";
				CLANG_ENABLE_MODULES = YES;
				CLANG_ENABLE_OBJC_ARC = YES;
				CLANG_ENABLE_OBJC_WEAK = YES;
				CLANG_WARN_BLOCK_CAPTURE_AUTORELEASING = YES;
				CLANG_WARN_BOOL_CONVERSION = YES;
				CLANG_WARN_COMMA = YES;
				CLANG_WARN_CONSTANT_CONVERSION = YES;
				CLANG_WARN_DEPRECATED_OBJC_IMPLEMENTATIONS = YES;
				CLANG_WARN_DIRECT_OBJC_ISA_USAGE = YES_ERROR;
				CLANG_WARN_DOCUMENTATION_COMMENTS = YES;
				CLANG_WARN_EMPTY_BODY = YES;
				CLANG_WARN_ENUM_CONVERSION = YES;
				CLANG_WARN_INFINITE_RECURSION = YES;
				CLANG_WARN_INT_CONVERSION = YES;
				CLANG_WARN_NON_LITERAL_NULL_CONVERSION = YES;
				CLANG_WARN_OBJC_IMPLICIT_RETAIN_SELF = YES;
				CLANG_WARN_OBJC_LITERAL_CONVERSION = YES;
				CLANG_WARN_OBJC_ROOT_CLASS = YES_ERROR;
				CLANG_WARN_QUOTED_INCLUDE_IN_FRAMEWORK_HEADER = YES;
				CLANG_WARN_RANGE_LOOP_ANALYSIS = YES;
				CLANG_WARN_STRICT_PROTOTYPES = YES;
				CLANG_WARN_SUSPICIOUS_MOVE = YES;
				CLANG_WARN_UNGUARDED_AVAILABILITY = YES_AGGRESSIVE;
				CLANG_WARN_UNREACHABLE_CODE = YES;
				CLANG_WARN__DUPLICATE_METHOD_MATCH = YES;
				COPY_PHASE_STRIP = NO;
				DEBUG_INFORMATION_FORMAT = dwarf;
				ENABLE_STRICT_OBJC_MSGSEND = YES;
				ENABLE_TESTABILITY = YES;
				ENABLE_USER_SCRIPT_SANDBOXING = YES;
				GCC_C_LANGUAGE_STANDARD = gnu17;
				GCC_DYNAMIC_NO_PIC = NO;
				GCC_NO_COMMON_BLOCKS = YES;
				GCC_OPTIMIZATION_LEVEL = 0;
				GCC_PREPROCESSOR_DEFINITIONS = (
					"DEBUG=1",
					"$(inherited)",
				);
				GCC_WARN_64_TO_32_BIT_CONVERSION = YES;
				GCC_WARN_ABOUT_RETURN_TYPE = YES_ERROR;
				GCC_WARN_UNDECLARED_SELECTOR = YES;
				GCC_WARN_UNINITIALIZED_AUTOS = YES_AGGRESSIVE;
				GCC_WARN_UNUSED_FUNCTION = YES;
				GCC_WARN_UNUSED_VARIABLE = YES;
				IPHONEOS_DEPLOYMENT_TARGET = 17.2;
				LOCALIZATION_PREFERS_STRING_CATALOGS = YES;
				MTL_ENABLE_DEBUG_INFO = INCLUDE_SOURCE;
				MTL_FAST_MATH = YES;
				ONLY_ACTIVE_ARCH = YES;
				SDKROOT = iphoneos;
				SWIFT_ACTIVE_COMPILATION_CONDITIONS = "DEBUG $(inherited)";
				SWIFT_OPTIMIZATION_LEVEL = "-Onone";
			};
			name = Debug;
		};
		A378004B2B7FAEE700E9F804 /* Release */ = {
			isa = XCBuildConfiguration;
			buildSettings = {
				ALWAYS_SEARCH_USER_PATHS = NO;
				ASSETCATALOG_COMPILER_GENERATE_SWIFT_ASSET_SYMBOL_EXTENSIONS = YES;
				CLANG_ANALYZER_NONNULL = YES;
				CLANG_ANALYZER_NUMBER_OBJECT_CONVERSION = YES_AGGRESSIVE;
				CLANG_CXX_LANGUAGE_STANDARD = "gnu++20";
				CLANG_ENABLE_MODULES = YES;
				CLANG_ENABLE_OBJC_ARC = YES;
				CLANG_ENABLE_OBJC_WEAK = YES;
				CLANG_WARN_BLOCK_CAPTURE_AUTORELEASING = YES;
				CLANG_WARN_BOOL_CONVERSION = YES;
				CLANG_WARN_COMMA = YES;
				CLANG_WARN_CONSTANT_CONVERSION = YES;
				CLANG_WARN_DEPRECATED_OBJC_IMPLEMENTATIONS = YES;
				CLANG_WARN_DIRECT_OBJC_ISA_USAGE = YES_ERROR;
				CLANG_WARN_DOCUMENTATION_COMMENTS = YES;
				CLANG_WARN_EMPTY_BODY = YES;
				CLANG_WARN_ENUM_CONVERSION = YES;
				CLANG_WARN_INFINITE_RECURSION = YES;
				CLANG_WARN_INT_CONVERSION = YES;
				CLANG_WARN_NON_LITERAL_NULL_CONVERSION = YES;
				CLANG_WARN_OBJC_IMPLICIT_RETAIN_SELF = YES;
				CLANG_WARN_OBJC_LITERAL_CONVERSION = YES;
				CLANG_WARN_OBJC_ROOT_CLASS = YES_ERROR;
				CLANG_WARN_QUOTED_INCLUDE_IN_FRAMEWORK_HEADER = YES;
				CLANG_WARN_RANGE_LOOP_ANALYSIS = YES;
				CLANG_WARN_STRICT_PROTOTYPES = YES;
				CLANG_WARN_SUSPICIOUS_MOVE = YES;
				CLANG_WARN_UNGUARDED_AVAILABILITY = YES_AGGRESSIVE;
				CLANG_WARN_UNREACHABLE_CODE = YES;
				CLANG_WARN__DUPLICATE_METHOD_MATCH = YES;
				COPY_PHASE_STRIP = NO;
				DEBUG_INFORMATION_FORMAT = "dwarf-with-dsym";
				ENABLE_NS_ASSERTIONS = NO;
				ENABLE_STRICT_OBJC_MSGSEND = YES;
				ENABLE_USER_SCRIPT_SANDBOXING = YES;
				GCC_C_LANGUAGE_STANDARD = gnu17;
				GCC_NO_COMMON_BLOCKS = YES;
				GCC_WARN_64_TO_32_BIT_CONVERSION = YES;
				GCC_WARN_ABOUT_RETURN_TYPE = YES_ERROR;
				GCC_WARN_UNDECLARED_SELECTOR = YES;
				GCC_WARN_UNINITIALIZED_AUTOS = YES_AGGRESSIVE;
				GCC_WARN_UNUSED_FUNCTION = YES;
				GCC_WARN_UNUSED_VARIABLE = YES;
				IPHONEOS_DEPLOYMENT_TARGET = 17.2;
				LOCALIZATION_PREFERS_STRING_CATALOGS = YES;
				MTL_ENABLE_DEBUG_INFO = NO;
				MTL_FAST_MATH = YES;
				SDKROOT = iphoneos;
				SWIFT_COMPILATION_MODE = wholemodule;
				VALIDATE_PRODUCT = YES;
			};
			name = Release;
		};
		A378004D2B7FAEE700E9F804 /* Debug */ = {
			isa = XCBuildConfiguration;
			buildSettings = {
				ASSETCATALOG_COMPILER_APPICON_NAME = AppIcon;
				ASSETCATALOG_COMPILER_GLOBAL_ACCENT_COLOR_NAME = AccentColor;
				CODE_SIGN_STYLE = Automatic;
				CURRENT_PROJECT_VERSION = 1;
				GENERATE_INFOPLIST_FILE = YES;
				INFOPLIST_FILE = Assignment6Trejo/Info.plist;
				INFOPLIST_KEY_UIApplicationSupportsIndirectInputEvents = YES;
				INFOPLIST_KEY_UILaunchStoryboardName = LaunchScreen;
				INFOPLIST_KEY_UIMainStoryboardFile = Main;
				INFOPLIST_KEY_UISupportedInterfaceOrientations_iPad = "UIInterfaceOrientationPortrait UIInterfaceOrientationPortraitUpsideDown UIInterfaceOrientationLandscapeLeft UIInterfaceOrientationLandscapeRight";
				INFOPLIST_KEY_UISupportedInterfaceOrientations_iPhone = "UIInterfaceOrientationPortrait UIInterfaceOrientationLandscapeLeft UIInterfaceOrientationLandscapeRight";
				LD_RUNPATH_SEARCH_PATHS = (
					"$(inherited)",
					"@executable_path/Frameworks",
				);
				MARKETING_VERSION = 1.0;
				PRODUCT_BUNDLE_IDENTIFIER = edu.auburn.onlinecsse.Assignment6Trejo;
				PRODUCT_NAME = "$(TARGET_NAME)";
				SWIFT_EMIT_LOC_STRINGS = YES;
				SWIFT_VERSION = 5.0;
				TARGETED_DEVICE_FAMILY = "1,2";
			};
			name = Debug;
		};
		A378004E2B7FAEE700E9F804 /* Release */ = {
			isa = XCBuildConfiguration;
			buildSettings = {
				ASSETCATALOG_COMPILER_APPICON_NAME = AppIcon;
				ASSETCATALOG_COMPILER_GLOBAL_ACCENT_COLOR_NAME = AccentColor;
				CODE_SIGN_STYLE = Automatic;
				CURRENT_PROJECT_VERSION = 1;
				GENERATE_INFOPLIST_FILE = YES;
				INFOPLIST_FILE = Assignment6Trejo/Info.plist;
				INFOPLIST_KEY_UIApplicationSupportsIndirectInputEvents = YES;
				INFOPLIST_KEY_UILaunchStoryboardName = LaunchScreen;
				INFOPLIST_KEY_UIMainStoryboardFile = Main;
				INFOPLIST_KEY_UISupportedInterfaceOrientations_iPad = "UIInterfaceOrientationPortrait UIInterfaceOrientationPortraitUpsideDown UIInterfaceOrientationLandscapeLeft UIInterfaceOrientationLandscapeRight";
				INFOPLIST_KEY_UISupportedInterfaceOrientations_iPhone = "UIInterfaceOrientationPortrait UIInterfaceOrientationLandscapeLeft UIInterfaceOrientationLandscapeRight";
				LD_RUNPATH_SEARCH_PATHS = (
					"$(inherited)",
					"@executable_path/Frameworks",
				);
				MARKETING_VERSION = 1.0;
				PRODUCT_BUNDLE_IDENTIFIER = edu.auburn.onlinecsse.Assignment6Trejo;
				PRODUCT_NAME = "$(TARGET_NAME)";
				SWIFT_EMIT_LOC_STRINGS = YES;
				SWIFT_VERSION = 5.0;
				TARGETED_DEVICE_FAMILY = "1,2";
			};
			name = Release;
		};
/* End XCBuildConfiguration section */

/* Begin XCConfigurationList section */
		A37800332B7FAEE200E9F804 /* Build configuration list for PBXProject "Assignment6Trejo" */ = {
			isa = XCConfigurationList;
			buildConfigurations = (
				A378004A2B7FAEE700E9F804 /* Debug */,
				A378004B2B7FAEE700E9F804 /* Release */,
			);
			defaultConfigurationIsVisible = 0;
			defaultConfigurationName = Release;
		};
		A378004C2B7FAEE700E9F804 /* Build configuration list for PBXNativeTarget "Assignment6Trejo" */ = {
			isa = XCConfigurationList;
			buildConfigurations = (
				A378004D2B7FAEE700E9F804 /* Debug */,
				A378004E2B7FAEE700E9F804 /* Release */,
			);
			defaultConfigurationIsVisible = 0;
			defaultConfigurationName = Release;
		};
/* End XCConfigurationList section */
	};
	rootObject = A37800302B7FAEE200E9F804 /* Project object */;
}
